
Microsoft Visual Studio Solution File, Format Version 12.00
# Visual Studio Version 17
VisualStudioVersion = 17.0.32126.317
MinimumVisualStudioVersion = 10.0.40219.1
Project("{2150E333-8FDC-42A3-9474-1A3956D46DE8}") = "Shop", "Shop", "{EA55ACBE-FDD5-49A4-BCCA-D574458A3253}"
EndProject
Project("{FAE04EC0-301F-11D3-BF4B-00C04F79EFBC}") = "Domain", "Shop\Domain\Domain.csproj", "{3C137613-F5F5-4A65-9308-A1DBF2677B3A}"
EndProject
Project("{FAE04EC0-301F-11D3-BF4B-00C04F79EFBC}") = "Application", "Shop\Application\Application.csproj", "{92C71DF7-13E5-4CDD-BB0C-E46ABCDD0DB1}"
EndProject
Project("{FAE04EC0-301F-11D3-BF4B-00C04F79EFBC}") = "Infrastructure.EfCore", "Shop\Infrastructure.EfCore\Infrastructure.EfCore.csproj", "{69DB2528-35AB-4213-886D-CD700083DBD5}"
EndProject
Project("{FAE04EC0-301F-11D3-BF4B-00C04F79EFBC}") = "Infrastructure.Configuration", "Shop\Infrastructure.Configuration\Infrastructure.Configuration.csproj", "{1634FAC3-C1A5-403A-A715-BFD315426E44}"
EndProject
Project("{FAE04EC0-301F-11D3-BF4B-00C04F79EFBC}") = "Query", "Shop\Query\Query.csproj", "{C7CE0C78-50A9-4DEF-9005-742798289D7A}"
EndProject
Project("{FAE04EC0-301F-11D3-BF4B-00C04F79EFBC}") = "Presentation.Facade", "Shop\Presentation.Facade\Presentation.Facade.csproj", "{8BF471C0-1ADC-4720-A3EE-E0AD29C6B574}"
EndProject
Project("{FAE04EC0-301F-11D3-BF4B-00C04F79EFBC}") = "Framework", "Framework\Framework.csproj", "{4DC8C6DE-31E5-4709-BD61-A53E002B476C}"
EndProject
Global
	GlobalSection(SolutionConfigurationPlatforms) = preSolution
		Debug|Any CPU = Debug|Any CPU
		Release|Any CPU = Release|Any CPU
	EndGlobalSection
	GlobalSection(ProjectConfigurationPlatforms) = postSolution
		{3C137613-F5F5-4A65-9308-A1DBF2677B3A}.Debug|Any CPU.ActiveCfg = Debug|Any CPU
		{3C137613-F5F5-4A65-9308-A1DBF2677B3A}.Debug|Any CPU.Build.0 = Debug|Any CPU
		{3C137613-F5F5-4A65-9308-A1DBF2677B3A}.Release|Any CPU.ActiveCfg = Release|Any CPU
		{3C137613-F5F5-4A65-9308-A1DBF2677B3A}.Release|Any CPU.Build.0 = Release|Any CPU
		{92C71DF7-13E5-4CDD-BB0C-E46ABCDD0DB1}.Debug|Any CPU.ActiveCfg = Debug|Any CPU
		{92C71DF7-13E5-4CDD-BB0C-E46ABCDD0DB1}.Debug|Any CPU.Build.0 = Debug|Any CPU
		{92C71DF7-13E5-4CDD-BB0C-E46ABCDD0DB1}.Release|Any CPU.ActiveCfg = Release|Any CPU
		{92C71DF7-13E5-4CDD-BB0C-E46ABCDD0DB1}.Release|Any CPU.Build.0 = Release|Any CPU
		{69DB2528-35AB-4213-886D-CD700083DBD5}.Debug|Any CPU.ActiveCfg = Debug|Any CPU
		{69DB2528-35AB-4213-886D-CD700083DBD5}.Debug|Any CPU.Build.0 = Debug|Any CPU
		{69DB2528-35AB-4213-886D-CD700083DBD5}.Release|Any CPU.ActiveCfg = Release|Any CPU
		{69DB2528-35AB-4213-886D-CD700083DBD5}.Release|Any CPU.Build.0 = Release|Any CPU
		{1634FAC3-C1A5-403A-A715-BFD315426E44}.Debug|Any CPU.ActiveCfg = Debug|Any CPU
		{1634FAC3-C1A5-403A-A715-BFD315426E44}.Debug|Any CPU.Build.0 = Debug|Any CPU
		{1634FAC3-C1A5-403A-A715-BFD315426E44}.Release|Any CPU.ActiveCfg = Release|Any CPU
		{1634FAC3-C1A5-403A-A715-BFD315426E44}.Release|Any CPU.Build.0 = Release|Any CPU
		{C7CE0C78-50A9-4DEF-9005-742798289D7A}.Debug|Any CPU.ActiveCfg = Debug|Any CPU
		{C7CE0C78-50A9-4DEF-9005-742798289D7A}.Debug|Any CPU.Build.0 = Debug|Any CPU
		{C7CE0C78-50A9-4DEF-9005-742798289D7A}.Release|Any CPU.ActiveCfg = Release|Any CPU
		{C7CE0C78-50A9-4DEF-9005-742798289D7A}.Release|Any CPU.Build.0 = Release|Any CPU
		{8BF471C0-1ADC-4720-A3EE-E0AD29C6B574}.Debug|Any CPU.ActiveCfg = Debug|Any CPU
		{8BF471C0-1ADC-4720-A3EE-E0AD29C6B574}.Debug|Any CPU.Build.0 = Debug|Any CPU
		{8BF471C0-1ADC-4720-A3EE-E0AD29C6B574}.Release|Any CPU.ActiveCfg = Release|Any CPU
		{8BF471C0-1ADC-4720-A3EE-E0AD29C6B574}.Release|Any CPU.Build.0 = Release|Any CPU
		{4DC8C6DE-31E5-4709-BD61-A53E002B476C}.Debug|Any CPU.ActiveCfg = Debug|Any CPU
		{4DC8C6DE-31E5-4709-BD61-A53E002B476C}.Debug|Any CPU.Build.0 = Debug|Any CPU
		{4DC8C6DE-31E5-4709-BD61-A53E002B476C}.Release|Any CPU.ActiveCfg = Release|Any CPU
		{4DC8C6DE-31E5-4709-BD61-A53E002B476C}.Release|Any CPU.Build.0 = Release|Any CPU
	EndGlobalSection
	GlobalSection(SolutionProperties) = preSolution
		HideSolutionNode = FALSE
	EndGlobalSection
	GlobalSection(NestedProjects) = preSolution
		{3C137613-F5F5-4A65-9308-A1DBF2677B3A} = {EA55ACBE-FDD5-49A4-BCCA-D574458A3253}
		{92C71DF7-13E5-4CDD-BB0C-E46ABCDD0DB1} = {EA55ACBE-FDD5-49A4-BCCA-D574458A3253}
		{69DB2528-35AB-4213-886D-CD700083DBD5} = {EA55ACBE-FDD5-49A4-BCCA-D574458A3253}
		{1634FAC3-C1A5-403A-A715-BFD315426E44} = {EA55ACBE-FDD5-49A4-BCCA-D574458A3253}
		{C7CE0C78-50A9-4DEF-9005-742798289D7A} = {EA55ACBE-FDD5-49A4-BCCA-D574458A3253}
		{8BF471C0-1ADC-4720-A3EE-E0AD29C6B574} = {EA55ACBE-FDD5-49A4-BCCA-D574458A3253}
	EndGlobalSection
	GlobalSection(ExtensibilityGlobals) = postSolution
		SolutionGuid = {46ED9AE7-FE07-4026-9FCC-6EF2965DEDC4}
	EndGlobalSection
EndGlobal
